
Microsoft Visual Studio Solution File, Format Version 12.00
# Visual Studio Version 17
VisualStudioVersion = 17.11.35222.181
MinimumVisualStudioVersion = 10.0.40219.1
Project("{FAE04EC0-301F-11D3-BF4B-00C04F79EFBC}") = "Vepeeta.Api", "Vepeeta.Api\Vepeeta.Api.csproj", "{78210462-BD38-4430-9A2A-1B578FBB2A8D}"
EndProject
Project("{FAE04EC0-301F-11D3-BF4B-00C04F79EFBC}") = "Vepeeta.Core", "Vepeeta.Core\Vepeeta.Core.csproj", "{63E64FDC-ECD0-4EC2-815A-377C1C5AF08D}"
EndProject
Project("{FAE04EC0-301F-11D3-BF4B-00C04F79EFBC}") = "Vepeeta.Data", "Vepeeta.Data\Vepeeta.Data.csproj", "{762AD504-F805-4D2E-B787-8D68F000DE84}"
EndProject
Project("{FAE04EC0-301F-11D3-BF4B-00C04F79EFBC}") = "Vepeeta.infrustructure", "Vepeeta.infrustructure\Vepeeta.infrustructure.csproj", "{13B30BE9-DC5C-441F-A2EC-E06C7569A310}"
EndProject
Project("{FAE04EC0-301F-11D3-BF4B-00C04F79EFBC}") = "Vepeeta.Service", "Vepeeta.Service\Vepeeta.Service.csproj", "{1E8EC6A7-D9E7-497A-A902-1E254FF91093}"
EndProject
Global
	GlobalSection(SolutionConfigurationPlatforms) = preSolution
		Debug|Any CPU = Debug|Any CPU
		Release|Any CPU = Release|Any CPU
	EndGlobalSection
	GlobalSection(ProjectConfigurationPlatforms) = postSolution
		{78210462-BD38-4430-9A2A-1B578FBB2A8D}.Debug|Any CPU.ActiveCfg = Debug|Any CPU
		{78210462-BD38-4430-9A2A-1B578FBB2A8D}.Debug|Any CPU.Build.0 = Debug|Any CPU
		{78210462-BD38-4430-9A2A-1B578FBB2A8D}.Release|Any CPU.ActiveCfg = Release|Any CPU
		{78210462-BD38-4430-9A2A-1B578FBB2A8D}.Release|Any CPU.Build.0 = Release|Any CPU
		{63E64FDC-ECD0-4EC2-815A-377C1C5AF08D}.Debug|Any CPU.ActiveCfg = Debug|Any CPU
		{63E64FDC-ECD0-4EC2-815A-377C1C5AF08D}.Debug|Any CPU.Build.0 = Debug|Any CPU
		{63E64FDC-ECD0-4EC2-815A-377C1C5AF08D}.Release|Any CPU.ActiveCfg = Release|Any CPU
		{63E64FDC-ECD0-4EC2-815A-377C1C5AF08D}.Release|Any CPU.Build.0 = Release|Any CPU
		{762AD504-F805-4D2E-B787-8D68F000DE84}.Debug|Any CPU.ActiveCfg = Debug|Any CPU
		{762AD504-F805-4D2E-B787-8D68F000DE84}.Debug|Any CPU.Build.0 = Debug|Any CPU
		{762AD504-F805-4D2E-B787-8D68F000DE84}.Release|Any CPU.ActiveCfg = Release|Any CPU
		{762AD504-F805-4D2E-B787-8D68F000DE84}.Release|Any CPU.Build.0 = Release|Any CPU
		{13B30BE9-DC5C-441F-A2EC-E06C7569A310}.Debug|Any CPU.ActiveCfg = Debug|Any CPU
		{13B30BE9-DC5C-441F-A2EC-E06C7569A310}.Debug|Any CPU.Build.0 = Debug|Any CPU
		{13B30BE9-DC5C-441F-A2EC-E06C7569A310}.Release|Any CPU.ActiveCfg = Release|Any CPU
		{13B30BE9-DC5C-441F-A2EC-E06C7569A310}.Release|Any CPU.Build.0 = Release|Any CPU
		{1E8EC6A7-D9E7-497A-A902-1E254FF91093}.Debug|Any CPU.ActiveCfg = Debug|Any CPU
		{1E8EC6A7-D9E7-497A-A902-1E254FF91093}.Debug|Any CPU.Build.0 = Debug|Any CPU
		{1E8EC6A7-D9E7-497A-A902-1E254FF91093}.Release|Any CPU.ActiveCfg = Release|Any CPU
		{1E8EC6A7-D9E7-497A-A902-1E254FF91093}.Release|Any CPU.Build.0 = Release|Any CPU
	EndGlobalSection
	GlobalSection(SolutionProperties) = preSolution
		HideSolutionNode = FALSE
	EndGlobalSection
	GlobalSection(ExtensibilityGlobals) = postSolution
		SolutionGuid = {08907C5C-3E89-4AAF-8DF5-0971644C2E33}
	EndGlobalSection
EndGlobal
